PODS:
  - KeychainSwift (20.0.0)
  - PryntTrimmerView (4.0.2)
  - SDWebImage (5.15.7):
    - SDWebImage/Core (= 5.15.7)
  - SDWebImage/Core (5.15.7)
  - SteviaLayout (4.7.3)
  - YPImagePicker (5.2.1):
    - PryntTrimmerView (= 4.0.2)
    - SteviaLayout (= 4.7.3)

DEPENDENCIES:
  - KeychainSwift (~> 20.0)
  - SDWebImage
  - YPImagePicker

SPEC REPOS:
  trunk:
    - KeychainSwift
    - PryntTrimmerView
    - SDWebImage
    - SteviaLayout
    - YPImagePicker

SPEC CHECKSUMS:
  KeychainSwift: 0ce6a4d13f7228054d1a71bb1b500448fb2ab837
  PryntTrimmerView: 6a43cc90df5d99addeabd33d4ba09b1365322130
  SDWebImage: 25bac438318faf37e35650619ebc288a9061d292
  SteviaLayout: c2ecdcff57d44e38fd2f65e54ad52aeae28ca0c4
  YPImagePicker: f36043210c10b0783034eb1947d6e06e31c461e4

PODFILE CHECKSUM: 7b8d971d72355025bad79e661dbdb5d7fc040e2c

COCOAPODS: 1.11.3
