// !$*UTF8*$!
{
	archiveVersion = 1;
	classes = {
	};
	objectVersion = 56;
	objects = {

/* Begin PBXBuildFile section */
		37CF35FD855C89A90E04104B /* Pods_TaskProject.framework in Frameworks */ = {isa = PBXBuildFile; fileRef = CD539B7444EF4C23A4D1F865 /* Pods_TaskProject.framework */; };
		470F63CE2A8607F50054F311 /* ConversionController.swift in Sources */ = {isa = PBXBuildFile; fileRef = 470F63CD2A8607F50054F311 /* ConversionController.swift */; };
		470F63D02A860B5B0054F311 /* HeaderView.swift in Sources */ = {isa = PBXBuildFile; fileRef = 470F63CF2A860B5B0054F311 /* HeaderView.swift */; };
		470F63D22A860D2C0054F311 /* ConversionCell.swift in Sources */ = {isa = PBXBuildFile; fileRef = 470F63D12A860D2C0054F311 /* ConversionCell.swift */; };
		470F63D42A86104B0054F311 /* ConversionJSON.json in Resources */ = {isa = PBXBuildFile; fileRef = 470F63D32A86104B0054F311 /* ConversionJSON.json */; };
		470F63D62A8611770054F311 /* ConversionViewModel.swift in Sources */ = {isa = PBXBuildFile; fileRef = 470F63D52A8611770054F311 /* ConversionViewModel.swift */; };
		470F63DA2A86121B0054F311 /* ConversionCellViewModel.swift in Sources */ = {isa = PBXBuildFile; fileRef = 470F63D92A86121B0054F311 /* ConversionCellViewModel.swift */; };
		470F63DE2A8617240054F311 /* SaleConversionJSON.json in Resources */ = {isa = PBXBuildFile; fileRef = 470F63DD2A8617240054F311 /* SaleConversionJSON.json */; };
		470F63E22A8617F70054F311 /* CashCurrencyJSON.json in Resources */ = {isa = PBXBuildFile; fileRef = 470F63E12A8617F70054F311 /* CashCurrencyJSON.json */; };
		476416EE2A85174B00A53CF7 /* AppDelegate.swift in Sources */ = {isa = PBXBuildFile; fileRef = 476416ED2A85174B00A53CF7 /* AppDelegate.swift */; };
		476416F02A85174B00A53CF7 /* SceneDelegate.swift in Sources */ = {isa = PBXBuildFile; fileRef = 476416EF2A85174B00A53CF7 /* SceneDelegate.swift */; };
		476416F52A85174B00A53CF7 /* Main.storyboard in Resources */ = {isa = PBXBuildFile; fileRef = 476416F32A85174B00A53CF7 /* Main.storyboard */; };
		476416F72A85174C00A53CF7 /* Assets.xcassets in Resources */ = {isa = PBXBuildFile; fileRef = 476416F62A85174C00A53CF7 /* Assets.xcassets */; };
		476416FA2A85174C00A53CF7 /* LaunchScreen.storyboard in Resources */ = {isa = PBXBuildFile; fileRef = 476416F82A85174C00A53CF7 /* LaunchScreen.storyboard */; };
		476417022A85181700A53CF7 /* Extensions.swift in Sources */ = {isa = PBXBuildFile; fileRef = 476417012A85181700A53CF7 /* Extensions.swift */; };
		476417092A8519A400A53CF7 /* LoginController.swift in Sources */ = {isa = PBXBuildFile; fileRef = 476417082A8519A400A53CF7 /* LoginController.swift */; };
		4764170C2A8519CA00A53CF7 /* LoginViewModel.swift in Sources */ = {isa = PBXBuildFile; fileRef = 4764170B2A8519CA00A53CF7 /* LoginViewModel.swift */; };
		476417112A851D2C00A53CF7 /* Button+ext.swift in Sources */ = {isa = PBXBuildFile; fileRef = 476417102A851D2C00A53CF7 /* Button+ext.swift */; };
		476417132A851D7700A53CF7 /* UILabel+ext.swift in Sources */ = {isa = PBXBuildFile; fileRef = 476417122A851D7700A53CF7 /* UILabel+ext.swift */; };
		476417152A851D8C00A53CF7 /* CustomButton.swift in Sources */ = {isa = PBXBuildFile; fileRef = 476417142A851D8C00A53CF7 /* CustomButton.swift */; };
		476417172A851D9F00A53CF7 /* CustomCollectionView.swift in Sources */ = {isa = PBXBuildFile; fileRef = 476417162A851D9F00A53CF7 /* CustomCollectionView.swift */; };
		476417192A851DB000A53CF7 /* CustomLabel.swift in Sources */ = {isa = PBXBuildFile; fileRef = 476417182A851DB000A53CF7 /* CustomLabel.swift */; };
		4764171B2A851DC300A53CF7 /* CustomTextField.swift in Sources */ = {isa = PBXBuildFile; fileRef = 4764171A2A851DC300A53CF7 /* CustomTextField.swift */; };
		4764171D2A851EDD00A53CF7 /* CustomContainerView.swift in Sources */ = {isa = PBXBuildFile; fileRef = 4764171C2A851EDD00A53CF7 /* CustomContainerView.swift */; };
		4764171F2A851EF900A53CF7 /* Assets.swift in Sources */ = {isa = PBXBuildFile; fileRef = 4764171E2A851EF900A53CF7 /* Assets.swift */; };
		476417212A8520F800A53CF7 /* RegisterController.swift in Sources */ = {isa = PBXBuildFile; fileRef = 476417202A8520F800A53CF7 /* RegisterController.swift */; };
		476417232A85211300A53CF7 /* RegisterViewModel.swift in Sources */ = {isa = PBXBuildFile; fileRef = 476417222A85211300A53CF7 /* RegisterViewModel.swift */; };
		476417252A85282600A53CF7 /* Keychain.swift in Sources */ = {isa = PBXBuildFile; fileRef = 476417242A85282600A53CF7 /* Keychain.swift */; };
		4764172B2A85315200A53CF7 /* FeedController.swift in Sources */ = {isa = PBXBuildFile; fileRef = 4764172A2A85315200A53CF7 /* FeedController.swift */; };
		4764172D2A85371F00A53CF7 /* FeedHeader.swift in Sources */ = {isa = PBXBuildFile; fileRef = 4764172C2A85371F00A53CF7 /* FeedHeader.swift */; };
		4764172F2A8539E300A53CF7 /* FeedCell.swift in Sources */ = {isa = PBXBuildFile; fileRef = 4764172E2A8539E300A53CF7 /* FeedCell.swift */; };
		476417312A853D3E00A53CF7 /* FeedFooter.swift in Sources */ = {isa = PBXBuildFile; fileRef = 476417302A853D3E00A53CF7 /* FeedFooter.swift */; };
		476417332A853F8700A53CF7 /* FoodHeaderViewModel.swift in Sources */ = {isa = PBXBuildFile; fileRef = 476417322A853F8700A53CF7 /* FoodHeaderViewModel.swift */; };
		476417352A854D7E00A53CF7 /* FeedCellViewModel.swift in Sources */ = {isa = PBXBuildFile; fileRef = 476417342A854D7E00A53CF7 /* FeedCellViewModel.swift */; };
		476417372A8550D800A53CF7 /* FeedMenuOptions.swift in Sources */ = {isa = PBXBuildFile; fileRef = 476417362A8550D800A53CF7 /* FeedMenuOptions.swift */; };
		4764173D2A856FDF00A53CF7 /* CurrencyController.swift in Sources */ = {isa = PBXBuildFile; fileRef = 4764173C2A856FDF00A53CF7 /* CurrencyController.swift */; };
		4764173F2A85724900A53CF7 /* FeedViewModel.swift in Sources */ = {isa = PBXBuildFile; fileRef = 4764173E2A85724900A53CF7 /* FeedViewModel.swift */; };
		476417412A85769600A53CF7 /* CurrencyHeader.swift in Sources */ = {isa = PBXBuildFile; fileRef = 476417402A85769600A53CF7 /* CurrencyHeader.swift */; };
		476417432A857AA900A53CF7 /* CurrencyCell.swift in Sources */ = {isa = PBXBuildFile; fileRef = 476417422A857AA900A53CF7 /* CurrencyCell.swift */; };
		476417452A857F3900A53CF7 /* CurrencyViewModel.swift in Sources */ = {isa = PBXBuildFile; fileRef = 476417442A857F3900A53CF7 /* CurrencyViewModel.swift */; };
		476417472A85825600A53CF7 /* SDWebImage+ext.swift in Sources */ = {isa = PBXBuildFile; fileRef = 476417462A85825600A53CF7 /* SDWebImage+ext.swift */; };
		476417492A85835100A53CF7 /* CurrencyJson.json in Resources */ = {isa = PBXBuildFile; fileRef = 476417482A85835100A53CF7 /* CurrencyJson.json */; };
		4764174B2A8588AC00A53CF7 /* Country.swift in Sources */ = {isa = PBXBuildFile; fileRef = 4764174A2A8588AC00A53CF7 /* Country.swift */; };
		4764174D2A858A4700A53CF7 /* CurrencyCellViewModel.swift in Sources */ = {isa = PBXBuildFile; fileRef = 4764174C2A858A4700A53CF7 /* CurrencyCellViewModel.swift */; };
		476417542A859DDA00A53CF7 /* Coordinator.swift in Sources */ = {isa = PBXBuildFile; fileRef = 476417532A859DDA00A53CF7 /* Coordinator.swift */; };
		476417562A859DEE00A53CF7 /* AppCoordinator.swift in Sources */ = {isa = PBXBuildFile; fileRef = 476417552A859DEE00A53CF7 /* AppCoordinator.swift */; };
		479A115A2A8D4AE400BAB776 /* ConversionPure.json in Resources */ = {isa = PBXBuildFile; fileRef = 479A11592A8D4AE400BAB776 /* ConversionPure.json */; };
		479A115E2A8D530E00BAB776 /* Conversion.swift in Sources */ = {isa = PBXBuildFile; fileRef = 479A115D2A8D530E00BAB776 /* Conversion.swift */; };
		47A1F2D52A8E278F00D56610 /* Convertasion+ ext.swift in Sources */ = {isa = PBXBuildFile; fileRef = 47A1F2D42A8E278F00D56610 /* Convertasion+ ext.swift */; };
/* End PBXBuildFile section */

/* Begin PBXFileReference section */
		004C17B6CACFA678B435BDA7 /* Pods-TaskProject.release.xcconfig */ = {isa = PBXFileReference; includeInIndex = 1; lastKnownFileType = text.xcconfig; name = "Pods-TaskProject.release.xcconfig"; path = "Target Support Files/Pods-TaskProject/Pods-TaskProject.release.xcconfig"; sourceTree = "<group>"; };
		470F63CD2A8607F50054F311 /* ConversionController.swift */ = {isa = PBXFileReference; lastKnownFileType = sourcecode.swift; path = ConversionController.swift; sourceTree = "<group>"; };
		470F63CF2A860B5B0054F311 /* HeaderView.swift */ = {isa = PBXFileReference; lastKnownFileType = sourcecode.swift; path = HeaderView.swift; sourceTree = "<group>"; };
		470F63D12A860D2C0054F311 /* ConversionCell.swift */ = {isa = PBXFileReference; lastKnownFileType = sourcecode.swift; path = ConversionCell.swift; sourceTree = "<group>"; };
		470F63D32A86104B0054F311 /* ConversionJSON.json */ = {isa = PBXFileReference; lastKnownFileType = text.json; path = ConversionJSON.json; sourceTree = "<group>"; };
		470F63D52A8611770054F311 /* ConversionViewModel.swift */ = {isa = PBXFileReference; lastKnownFileType = sourcecode.swift; path = ConversionViewModel.swift; sourceTree = "<group>"; };
		470F63D92A86121B0054F311 /* ConversionCellViewModel.swift */ = {isa = PBXFileReference; lastKnownFileType = sourcecode.swift; path = ConversionCellViewModel.swift; sourceTree = "<group>"; };
		470F63DD2A8617240054F311 /* SaleConversionJSON.json */ = {isa = PBXFileReference; lastKnownFileType = text.json; path = SaleConversionJSON.json; sourceTree = "<group>"; };
		470F63E12A8617F70054F311 /* CashCurrencyJSON.json */ = {isa = PBXFileReference; lastKnownFileType = text.json; path = CashCurrencyJSON.json; sourceTree = "<group>"; };
		476416EA2A85174B00A53CF7 /* TaskProject.app */ = {isa = PBXFileReference; explicitFileType = wrapper.application; includeInIndex = 0; path = TaskProject.app; sourceTree = BUILT_PRODUCTS_DIR; };
		476416ED2A85174B00A53CF7 /* AppDelegate.swift */ = {isa = PBXFileReference; lastKnownFileType = sourcecode.swift; path = AppDelegate.swift; sourceTree = "<group>"; };
		476416EF2A85174B00A53CF7 /* SceneDelegate.swift */ = {isa = PBXFileReference; lastKnownFileType = sourcecode.swift; path = SceneDelegate.swift; sourceTree = "<group>"; };
		476416F42A85174B00A53CF7 /* Base */ = {isa = PBXFileReference; lastKnownFileType = file.storyboard; name = Base; path = Base.lproj/Main.storyboard; sourceTree = "<group>"; };
		476416F62A85174C00A53CF7 /* Assets.xcassets */ = {isa = PBXFileReference; lastKnownFileType = folder.assetcatalog; path = Assets.xcassets; sourceTree = "<group>"; };
		476416F92A85174C00A53CF7 /* Base */ = {isa = PBXFileReference; lastKnownFileType = file.storyboard; name = Base; path = Base.lproj/LaunchScreen.storyboard; sourceTree = "<group>"; };
		476416FB2A85174C00A53CF7 /* Info.plist */ = {isa = PBXFileReference; lastKnownFileType = text.plist.xml; path = Info.plist; sourceTree = "<group>"; };
		476417012A85181700A53CF7 /* Extensions.swift */ = {isa = PBXFileReference; fileEncoding = 4; lastKnownFileType = sourcecode.swift; path = Extensions.swift; sourceTree = "<group>"; };
		476417082A8519A400A53CF7 /* LoginController.swift */ = {isa = PBXFileReference; lastKnownFileType = sourcecode.swift; path = LoginController.swift; sourceTree = "<group>"; };
		4764170B2A8519CA00A53CF7 /* LoginViewModel.swift */ = {isa = PBXFileReference; lastKnownFileType = sourcecode.swift; path = LoginViewModel.swift; sourceTree = "<group>"; };
		476417102A851D2C00A53CF7 /* Button+ext.swift */ = {isa = PBXFileReference; lastKnownFileType = sourcecode.swift; path = "Button+ext.swift"; sourceTree = "<group>"; };
		476417122A851D7700A53CF7 /* UILabel+ext.swift */ = {isa = PBXFileReference; lastKnownFileType = sourcecode.swift; path = "UILabel+ext.swift"; sourceTree = "<group>"; };
		476417142A851D8C00A53CF7 /* CustomButton.swift */ = {isa = PBXFileReference; lastKnownFileType = sourcecode.swift; path = CustomButton.swift; sourceTree = "<group>"; };
		476417162A851D9F00A53CF7 /* CustomCollectionView.swift */ = {isa = PBXFileReference; lastKnownFileType = sourcecode.swift; path = CustomCollectionView.swift; sourceTree = "<group>"; };
		476417182A851DB000A53CF7 /* CustomLabel.swift */ = {isa = PBXFileReference; lastKnownFileType = sourcecode.swift; path = CustomLabel.swift; sourceTree = "<group>"; };
		4764171A2A851DC300A53CF7 /* CustomTextField.swift */ = {isa = PBXFileReference; lastKnownFileType = sourcecode.swift; path = CustomTextField.swift; sourceTree = "<group>"; };
		4764171C2A851EDD00A53CF7 /* CustomContainerView.swift */ = {isa = PBXFileReference; lastKnownFileType = sourcecode.swift; path = CustomContainerView.swift; sourceTree = "<group>"; };
		4764171E2A851EF900A53CF7 /* Assets.swift */ = {isa = PBXFileReference; lastKnownFileType = sourcecode.swift; path = Assets.swift; sourceTree = "<group>"; };
		476417202A8520F800A53CF7 /* RegisterController.swift */ = {isa = PBXFileReference; lastKnownFileType = sourcecode.swift; path = RegisterController.swift; sourceTree = "<group>"; };
		476417222A85211300A53CF7 /* RegisterViewModel.swift */ = {isa = PBXFileReference; lastKnownFileType = sourcecode.swift; path = RegisterViewModel.swift; sourceTree = "<group>"; };
		476417242A85282600A53CF7 /* Keychain.swift */ = {isa = PBXFileReference; lastKnownFileType = sourcecode.swift; path = Keychain.swift; sourceTree = "<group>"; };
		4764172A2A85315200A53CF7 /* FeedController.swift */ = {isa = PBXFileReference; lastKnownFileType = sourcecode.swift; path = FeedController.swift; sourceTree = "<group>"; };
		4764172C2A85371F00A53CF7 /* FeedHeader.swift */ = {isa = PBXFileReference; lastKnownFileType = sourcecode.swift; path = FeedHeader.swift; sourceTree = "<group>"; };
		4764172E2A8539E300A53CF7 /* FeedCell.swift */ = {isa = PBXFileReference; lastKnownFileType = sourcecode.swift; path = FeedCell.swift; sourceTree = "<group>"; };
		476417302A853D3E00A53CF7 /* FeedFooter.swift */ = {isa = PBXFileReference; lastKnownFileType = sourcecode.swift; path = FeedFooter.swift; sourceTree = "<group>"; };
		476417322A853F8700A53CF7 /* FoodHeaderViewModel.swift */ = {isa = PBXFileReference; lastKnownFileType = sourcecode.swift; path = FoodHeaderViewModel.swift; sourceTree = "<group>"; };
		476417342A854D7E00A53CF7 /* FeedCellViewModel.swift */ = {isa = PBXFileReference; lastKnownFileType = sourcecode.swift; path = FeedCellViewModel.swift; sourceTree = "<group>"; };
		476417362A8550D800A53CF7 /* FeedMenuOptions.swift */ = {isa = PBXFileReference; lastKnownFileType = sourcecode.swift; path = FeedMenuOptions.swift; sourceTree = "<group>"; };
		4764173C2A856FDF00A53CF7 /* CurrencyController.swift */ = {isa = PBXFileReference; lastKnownFileType = sourcecode.swift; path = CurrencyController.swift; sourceTree = "<group>"; };
		4764173E2A85724900A53CF7 /* FeedViewModel.swift */ = {isa = PBXFileReference; lastKnownFileType = sourcecode.swift; path = FeedViewModel.swift; sourceTree = "<group>"; };
		476417402A85769600A53CF7 /* CurrencyHeader.swift */ = {isa = PBXFileReference; lastKnownFileType = sourcecode.swift; path = CurrencyHeader.swift; sourceTree = "<group>"; };
		476417422A857AA900A53CF7 /* CurrencyCell.swift */ = {isa = PBXFileReference; lastKnownFileType = sourcecode.swift; path = CurrencyCell.swift; sourceTree = "<group>"; };
		476417442A857F3900A53CF7 /* CurrencyViewModel.swift */ = {isa = PBXFileReference; lastKnownFileType = sourcecode.swift; path = CurrencyViewModel.swift; sourceTree = "<group>"; };
		476417462A85825600A53CF7 /* SDWebImage+ext.swift */ = {isa = PBXFileReference; lastKnownFileType = sourcecode.swift; path = "SDWebImage+ext.swift"; sourceTree = "<group>"; };
		476417482A85835100A53CF7 /* CurrencyJson.json */ = {isa = PBXFileReference; lastKnownFileType = text.json; path = CurrencyJson.json; sourceTree = "<group>"; };
		4764174A2A8588AC00A53CF7 /* Country.swift */ = {isa = PBXFileReference; lastKnownFileType = sourcecode.swift; path = Country.swift; sourceTree = "<group>"; };
		4764174C2A858A4700A53CF7 /* CurrencyCellViewModel.swift */ = {isa = PBXFileReference; lastKnownFileType = sourcecode.swift; path = CurrencyCellViewModel.swift; sourceTree = "<group>"; };
		476417532A859DDA00A53CF7 /* Coordinator.swift */ = {isa = PBXFileReference; lastKnownFileType = sourcecode.swift; path = Coordinator.swift; sourceTree = "<group>"; };
		476417552A859DEE00A53CF7 /* AppCoordinator.swift */ = {isa = PBXFileReference; lastKnownFileType = sourcecode.swift; path = AppCoordinator.swift; sourceTree = "<group>"; };
		479A11592A8D4AE400BAB776 /* ConversionPure.json */ = {isa = PBXFileReference; lastKnownFileType = text.json; path = ConversionPure.json; sourceTree = "<group>"; };
		479A115D2A8D530E00BAB776 /* Conversion.swift */ = {isa = PBXFileReference; fileEncoding = 4; lastKnownFileType = sourcecode.swift; path = Conversion.swift; sourceTree = "<group>"; };
		47A1F2D42A8E278F00D56610 /* Convertasion+ ext.swift */ = {isa = PBXFileReference; lastKnownFileType = sourcecode.swift; path = "Convertasion+ ext.swift"; sourceTree = "<group>"; };
		9AF7B32152EBC1A6EB797945 /* Pods-TaskProject.debug.xcconfig */ = {isa = PBXFileReference; includeInIndex = 1; lastKnownFileType = text.xcconfig; name = "Pods-TaskProject.debug.xcconfig"; path = "Target Support Files/Pods-TaskProject/Pods-TaskProject.debug.xcconfig"; sourceTree = "<group>"; };
		CD539B7444EF4C23A4D1F865 /* Pods_TaskProject.framework */ = {isa = PBXFileReference; explicitFileType = wrapper.framework; includeInIndex = 0; path = Pods_TaskProject.framework; sourceTree = BUILT_PRODUCTS_DIR; };
/* End PBXFileReference section */

/* Begin PBXFrameworksBuildPhase section */
		476416E72A85174B00A53CF7 /* Frameworks */ = {
			isa = PBXFrameworksBuildPhase;
			buildActionMask = 2147483647;
			files = (
				37CF35FD855C89A90E04104B /* Pods_TaskProject.framework in Frameworks */,
			);
			runOnlyForDeploymentPostprocessing = 0;
		};
/* End PBXFrameworksBuildPhase section */

/* Begin PBXGroup section */
		476416E12A85174B00A53CF7 = {
			isa = PBXGroup;
			children = (
				476416EC2A85174B00A53CF7 /* TaskProject */,
				476416EB2A85174B00A53CF7 /* Products */,
				63DD9738D4E3D1541A11636C /* Pods */,
				788B040608EEB75AB47AF35C /* Frameworks */,
			);
			sourceTree = "<group>";
		};
		476416EB2A85174B00A53CF7 /* Products */ = {
			isa = PBXGroup;
			children = (
				476416EA2A85174B00A53CF7 /* TaskProject.app */,
			);
			name = Products;
			sourceTree = "<group>";
		};
		476416EC2A85174B00A53CF7 /* TaskProject */ = {
			isa = PBXGroup;
			children = (
				476416ED2A85174B00A53CF7 /* AppDelegate.swift */,
				476416EF2A85174B00A53CF7 /* SceneDelegate.swift */,
				476417032A85184F00A53CF7 /* Scenes */,
				4764170F2A851D0900A53CF7 /* Utils */,
				476416F32A85174B00A53CF7 /* Main.storyboard */,
				476416F62A85174C00A53CF7 /* Assets.xcassets */,
				476417482A85835100A53CF7 /* CurrencyJson.json */,
				470F63E12A8617F70054F311 /* CashCurrencyJSON.json */,
				470F63D32A86104B0054F311 /* ConversionJSON.json */,
				470F63DD2A8617240054F311 /* SaleConversionJSON.json */,
				479A11592A8D4AE400BAB776 /* ConversionPure.json */,
				476416F82A85174C00A53CF7 /* LaunchScreen.storyboard */,
				476416FB2A85174C00A53CF7 /* Info.plist */,
			);
			path = TaskProject;
			sourceTree = "<group>";
		};
		476417032A85184F00A53CF7 /* Scenes */ = {
			isa = PBXGroup;
			children = (
				476417522A859DCE00A53CF7 /* Coordinator */,
				476417042A8518DE00A53CF7 /* Auth */,
				476417262A85313600A53CF7 /* Feed */,
				476417382A856FAE00A53CF7 /* Currency */,
				4764174E2A859D4800A53CF7 /* Conversion */,
			);
			path = Scenes;
			sourceTree = "<group>";
		};
		476417042A8518DE00A53CF7 /* Auth */ = {
			isa = PBXGroup;
			children = (
				476417072A85190500A53CF7 /* Model */,
				476417062A8518F200A53CF7 /* View */,
				476417052A8518EB00A53CF7 /* ViewModel */,
			);
			path = Auth;
			sourceTree = "<group>";
		};
		476417052A8518EB00A53CF7 /* ViewModel */ = {
			isa = PBXGroup;
			children = (
				4764170B2A8519CA00A53CF7 /* LoginViewModel.swift */,
				476417222A85211300A53CF7 /* RegisterViewModel.swift */,
			);
			path = ViewModel;
			sourceTree = "<group>";
		};
		476417062A8518F200A53CF7 /* View */ = {
			isa = PBXGroup;
			children = (
				4764171C2A851EDD00A53CF7 /* CustomContainerView.swift */,
				476417082A8519A400A53CF7 /* LoginController.swift */,
				476417202A8520F800A53CF7 /* RegisterController.swift */,
			);
			path = View;
			sourceTree = "<group>";
		};
		476417072A85190500A53CF7 /* Model */ = {
			isa = PBXGroup;
			children = (
			);
			path = Model;
			sourceTree = "<group>";
		};
		4764170F2A851D0900A53CF7 /* Utils */ = {
			isa = PBXGroup;
			children = (
				476417012A85181700A53CF7 /* Extensions.swift */,
				476417242A85282600A53CF7 /* Keychain.swift */,
				4764171E2A851EF900A53CF7 /* Assets.swift */,
				476417102A851D2C00A53CF7 /* Button+ext.swift */,
				476417122A851D7700A53CF7 /* UILabel+ext.swift */,
				476417142A851D8C00A53CF7 /* CustomButton.swift */,
				476417162A851D9F00A53CF7 /* CustomCollectionView.swift */,
				476417182A851DB000A53CF7 /* CustomLabel.swift */,
				4764171A2A851DC300A53CF7 /* CustomTextField.swift */,
				476417462A85825600A53CF7 /* SDWebImage+ext.swift */,
				47A1F2D42A8E278F00D56610 /* Convertasion+ ext.swift */,
			);
			path = Utils;
			sourceTree = "<group>";
		};
		476417262A85313600A53CF7 /* Feed */ = {
			isa = PBXGroup;
			children = (
				476417292A85314900A53CF7 /* Model */,
				476417282A85314600A53CF7 /* View */,
				476417272A85314100A53CF7 /* ViewModel */,
			);
			path = Feed;
			sourceTree = "<group>";
		};
		476417272A85314100A53CF7 /* ViewModel */ = {
			isa = PBXGroup;
			children = (
				4764173E2A85724900A53CF7 /* FeedViewModel.swift */,
				476417342A854D7E00A53CF7 /* FeedCellViewModel.swift */,
				476417322A853F8700A53CF7 /* FoodHeaderViewModel.swift */,
			);
			path = ViewModel;
			sourceTree = "<group>";
		};
		476417282A85314600A53CF7 /* View */ = {
			isa = PBXGroup;
			children = (
				4764172A2A85315200A53CF7 /* FeedController.swift */,
				4764172C2A85371F00A53CF7 /* FeedHeader.swift */,
				4764172E2A8539E300A53CF7 /* FeedCell.swift */,
				476417302A853D3E00A53CF7 /* FeedFooter.swift */,
			);
			path = View;
			sourceTree = "<group>";
		};
		476417292A85314900A53CF7 /* Model */ = {
			isa = PBXGroup;
			children = (
				476417362A8550D800A53CF7 /* FeedMenuOptions.swift */,
			);
			path = Model;
			sourceTree = "<group>";
		};
		476417382A856FAE00A53CF7 /* Currency */ = {
			isa = PBXGroup;
			children = (
				4764173B2A856FD100A53CF7 /* Model */,
				4764173A2A856FCD00A53CF7 /* View */,
				476417392A856FC900A53CF7 /* ViewModel */,
			);
			path = Currency;
			sourceTree = "<group>";
		};
		476417392A856FC900A53CF7 /* ViewModel */ = {
			isa = PBXGroup;
			children = (
				476417442A857F3900A53CF7 /* CurrencyViewModel.swift */,
				4764174C2A858A4700A53CF7 /* CurrencyCellViewModel.swift */,
			);
			path = ViewModel;
			sourceTree = "<group>";
		};
		4764173A2A856FCD00A53CF7 /* View */ = {
			isa = PBXGroup;
			children = (
				4764173C2A856FDF00A53CF7 /* CurrencyController.swift */,
				476417402A85769600A53CF7 /* CurrencyHeader.swift */,
				476417422A857AA900A53CF7 /* CurrencyCell.swift */,
			);
			path = View;
			sourceTree = "<group>";
		};
		4764173B2A856FD100A53CF7 /* Model */ = {
			isa = PBXGroup;
			children = (
				4764174A2A8588AC00A53CF7 /* Country.swift */,
			);
			path = Model;
			sourceTree = "<group>";
		};
		4764174E2A859D4800A53CF7 /* Conversion */ = {
			isa = PBXGroup;
			children = (
				476417512A859D6700A53CF7 /* Model */,
				476417502A859D6200A53CF7 /* View */,
				4764174F2A859D5D00A53CF7 /* ViewModel */,
			);
			path = Conversion;
			sourceTree = "<group>";
		};
		4764174F2A859D5D00A53CF7 /* ViewModel */ = {
			isa = PBXGroup;
			children = (
				470F63D52A8611770054F311 /* ConversionViewModel.swift */,
				470F63D92A86121B0054F311 /* ConversionCellViewModel.swift */,
			);
			path = ViewModel;
			sourceTree = "<group>";
		};
		476417502A859D6200A53CF7 /* View */ = {
			isa = PBXGroup;
			children = (
				470F63CD2A8607F50054F311 /* ConversionController.swift */,
				470F63CF2A860B5B0054F311 /* HeaderView.swift */,
				470F63D12A860D2C0054F311 /* ConversionCell.swift */,
			);
			path = View;
			sourceTree = "<group>";
		};
		476417512A859D6700A53CF7 /* Model */ = {
			isa = PBXGroup;
			children = (
				479A115D2A8D530E00BAB776 /* Conversion.swift */,
			);
			path = Model;
			sourceTree = "<group>";
		};
		476417522A859DCE00A53CF7 /* Coordinator */ = {
			isa = PBXGroup;
			children = (
				476417532A859DDA00A53CF7 /* Coordinator.swift */,
				476417552A859DEE00A53CF7 /* AppCoordinator.swift */,
			);
			path = Coordinator;
			sourceTree = "<group>";
		};
		63DD9738D4E3D1541A11636C /* Pods */ = {
			isa = PBXGroup;
			children = (
				9AF7B32152EBC1A6EB797945 /* Pods-TaskProject.debug.xcconfig */,
				004C17B6CACFA678B435BDA7 /* Pods-TaskProject.release.xcconfig */,
			);
			path = Pods;
			sourceTree = "<group>";
		};
		788B040608EEB75AB47AF35C /* Frameworks */ = {
			isa = PBXGroup;
			children = (
				CD539B7444EF4C23A4D1F865 /* Pods_TaskProject.framework */,
			);
			name = Frameworks;
			sourceTree = "<group>";
		};
/* End PBXGroup section */

/* Begin PBXNativeTarget section */
		476416E92A85174B00A53CF7 /* TaskProject */ = {
			isa = PBXNativeTarget;
			buildConfigurationList = 476416FE2A85174C00A53CF7 /* Build configuration list for PBXNativeTarget "TaskProject" */;
			buildPhases = (
				4CA173EE424D0FCDB141EBCE /* [CP] Check Pods Manifest.lock */,
				476416E62A85174B00A53CF7 /* Sources */,
				476416E72A85174B00A53CF7 /* Frameworks */,
				476416E82A85174B00A53CF7 /* Resources */,
				135FADACC207993CB176D300 /* [CP] Embed Pods Frameworks */,
			);
			buildRules = (
			);
			dependencies = (
			);
			name = TaskProject;
			productName = TaskProject;
			productReference = 476416EA2A85174B00A53CF7 /* TaskProject.app */;
			productType = "com.apple.product-type.application";
		};
/* End PBXNativeTarget section */

/* Begin PBXProject section */
		476416E22A85174B00A53CF7 /* Project object */ = {
			isa = PBXProject;
			attributes = {
				BuildIndependentTargetsInParallel = 1;
				LastSwiftUpdateCheck = 1420;
				LastUpgradeCheck = 1420;
				TargetAttributes = {
					476416E92A85174B00A53CF7 = {
						CreatedOnToolsVersion = 14.2;
					};
				};
			};
			buildConfigurationList = 476416E52A85174B00A53CF7 /* Build configuration list for PBXProject "TaskProject" */;
			compatibilityVersion = "Xcode 14.0";
			developmentRegion = en;
			hasScannedForEncodings = 0;
			knownRegions = (
				en,
				Base,
			);
			mainGroup = 476416E12A85174B00A53CF7;
			productRefGroup = 476416EB2A85174B00A53CF7 /* Products */;
			projectDirPath = "";
			projectRoot = "";
			targets = (
				476416E92A85174B00A53CF7 /* TaskProject */,
			);
		};
/* End PBXProject section */

/* Begin PBXResourcesBuildPhase section */
		476416E82A85174B00A53CF7 /* Resources */ = {
			isa = PBXResourcesBuildPhase;
			buildActionMask = 2147483647;
			files = (
				470F63DE2A8617240054F311 /* SaleConversionJSON.json in Resources */,
				476416FA2A85174C00A53CF7 /* LaunchScreen.storyboard in Resources */,
				479A115A2A8D4AE400BAB776 /* ConversionPure.json in Resources */,
				470F63D42A86104B0054F311 /* ConversionJSON.json in Resources */,
				476416F72A85174C00A53CF7 /* Assets.xcassets in Resources */,
				476417492A85835100A53CF7 /* CurrencyJson.json in Resources */,
				476416F52A85174B00A53CF7 /* Main.storyboard in Resources */,
				470F63E22A8617F70054F311 /* CashCurrencyJSON.json in Resources */,
			);
			runOnlyForDeploymentPostprocessing = 0;
		};
/* End PBXResourcesBuildPhase section */

/* Begin PBXShellScriptBuildPhase section */
		135FADACC207993CB176D300 /* [CP] Embed Pods Frameworks */ = {
			isa = PBXShellScriptBuildPhase;
			buildActionMask = 2147483647;
			files = (
			);
			inputFileListPaths = (
				"${PODS_ROOT}/Target Support Files/Pods-TaskProject/Pods-TaskProject-frameworks-${CONFIGURATION}-input-files.xcfilelist",
			);
			name = "[CP] Embed Pods Frameworks";
			outputFileListPaths = (
				"${PODS_ROOT}/Target Support Files/Pods-TaskProject/Pods-TaskProject-frameworks-${CONFIGURATION}-output-files.xcfilelist",
			);
			runOnlyForDeploymentPostprocessing = 0;
			shellPath = /bin/sh;
			shellScript = "\"${PODS_ROOT}/Target Support Files/Pods-TaskProject/Pods-TaskProject-frameworks.sh\"\n";
			showEnvVarsInLog = 0;
		};
		4CA173EE424D0FCDB141EBCE /* [CP] Check Pods Manifest.lock */ = {
			isa = PBXShellScriptBuildPhase;
			buildActionMask = 2147483647;
			files = (
			);
			inputFileListPaths = (
			);
			inputPaths = (
				"${PODS_PODFILE_DIR_PATH}/Podfile.lock",
				"${PODS_ROOT}/Manifest.lock",
			);
			name = "[CP] Check Pods Manifest.lock";
			outputFileListPaths = (
			);
			outputPaths = (
				"$(DERIVED_FILE_DIR)/Pods-TaskProject-checkManifestLockResult.txt",
			);
			runOnlyForDeploymentPostprocessing = 0;
			shellPath = /bin/sh;
			shellScript = "diff \"${PODS_PODFILE_DIR_PATH}/Podfile.lock\" \"${PODS_ROOT}/Manifest.lock\" > /dev/null\nif [ $? != 0 ] ; then\n    # print error to STDERR\n    echo \"error: The sandbox is not in sync with the Podfile.lock. Run 'pod install' or update your CocoaPods installation.\" >&2\n    exit 1\nfi\n# This output is used by Xcode 'outputs' to avoid re-running this script phase.\necho \"SUCCESS\" > \"${SCRIPT_OUTPUT_FILE_0}\"\n";
			showEnvVarsInLog = 0;
		};
/* End PBXShellScriptBuildPhase section */

/* Begin PBXSourcesBuildPhase section */
		476416E62A85174B00A53CF7 /* Sources */ = {
			isa = PBXSourcesBuildPhase;
			buildActionMask = 2147483647;
			files = (
				476417562A859DEE00A53CF7 /* AppCoordinator.swift in Sources */,
				4764173F2A85724900A53CF7 /* FeedViewModel.swift in Sources */,
				476416EE2A85174B00A53CF7 /* AppDelegate.swift in Sources */,
				476417232A85211300A53CF7 /* RegisterViewModel.swift in Sources */,
				4764173D2A856FDF00A53CF7 /* CurrencyController.swift in Sources */,
				476417312A853D3E00A53CF7 /* FeedFooter.swift in Sources */,
				4764171D2A851EDD00A53CF7 /* CustomContainerView.swift in Sources */,
				476417432A857AA900A53CF7 /* CurrencyCell.swift in Sources */,
				476417192A851DB000A53CF7 /* CustomLabel.swift in Sources */,
				470F63D62A8611770054F311 /* ConversionViewModel.swift in Sources */,
				476417152A851D8C00A53CF7 /* CustomButton.swift in Sources */,
				476417252A85282600A53CF7 /* Keychain.swift in Sources */,
				479A115E2A8D530E00BAB776 /* Conversion.swift in Sources */,
				476417092A8519A400A53CF7 /* LoginController.swift in Sources */,
				476417332A853F8700A53CF7 /* FoodHeaderViewModel.swift in Sources */,
				476417112A851D2C00A53CF7 /* Button+ext.swift in Sources */,
				476417172A851D9F00A53CF7 /* CustomCollectionView.swift in Sources */,
				470F63DA2A86121B0054F311 /* ConversionCellViewModel.swift in Sources */,
				47A1F2D52A8E278F00D56610 /* Convertasion+ ext.swift in Sources */,
				476416F02A85174B00A53CF7 /* SceneDelegate.swift in Sources */,
				4764172D2A85371F00A53CF7 /* FeedHeader.swift in Sources */,
				470F63D22A860D2C0054F311 /* ConversionCell.swift in Sources */,
				476417542A859DDA00A53CF7 /* Coordinator.swift in Sources */,
				476417372A8550D800A53CF7 /* FeedMenuOptions.swift in Sources */,
				470F63CE2A8607F50054F311 /* ConversionController.swift in Sources */,
				470F63D02A860B5B0054F311 /* HeaderView.swift in Sources */,
				476417452A857F3900A53CF7 /* CurrencyViewModel.swift in Sources */,
				4764172F2A8539E300A53CF7 /* FeedCell.swift in Sources */,
				4764171F2A851EF900A53CF7 /* Assets.swift in Sources */,
				4764174D2A858A4700A53CF7 /* CurrencyCellViewModel.swift in Sources */,
				4764171B2A851DC300A53CF7 /* CustomTextField.swift in Sources */,
				476417472A85825600A53CF7 /* SDWebImage+ext.swift in Sources */,
				476417352A854D7E00A53CF7 /* FeedCellViewModel.swift in Sources */,
				476417212A8520F800A53CF7 /* RegisterController.swift in Sources */,
				4764172B2A85315200A53CF7 /* FeedController.swift in Sources */,
				4764170C2A8519CA00A53CF7 /* LoginViewModel.swift in Sources */,
				476417132A851D7700A53CF7 /* UILabel+ext.swift in Sources */,
				476417022A85181700A53CF7 /* Extensions.swift in Sources */,
				4764174B2A8588AC00A53CF7 /* Country.swift in Sources */,
				476417412A85769600A53CF7 /* CurrencyHeader.swift in Sources */,
			);
			runOnlyForDeploymentPostprocessing = 0;
		};
/* End PBXSourcesBuildPhase section */

/* Begin PBXVariantGroup section */
		476416F32A85174B00A53CF7 /* Main.storyboard */ = {
			isa = PBXVariantGroup;
			children = (
				476416F42A85174B00A53CF7 /* Base */,
			);
			name = Main.storyboard;
			sourceTree = "<group>";
		};
		476416F82A85174C00A53CF7 /* LaunchScreen.storyboard */ = {
			isa = PBXVariantGroup;
			children = (
				476416F92A85174C00A53CF7 /* Base */,
			);
			name = LaunchScreen.storyboard;
			sourceTree = "<group>";
		};
/* End PBXVariantGroup section */

/* Begin XCBuildConfiguration section */
		476416FC2A85174C00A53CF7 /* Debug */ = {
			isa = XCBuildConfiguration;
			buildSettings = {
				ALWAYS_SEARCH_USER_PATHS = NO;
				CLANG_ANALYZER_NONNULL = YES;
				CLANG_ANALYZER_NUMBER_OBJECT_CONVERSION = YES_AGGRESSIVE;
				CLANG_CXX_LANGUAGE_STANDARD = "gnu++20";
				CLANG_ENABLE_MODULES = YES;
				CLANG_ENABLE_OBJC_ARC = YES;
				CLANG_ENABLE_OBJC_WEAK = YES;
				CLANG_WARN_BLOCK_CAPTURE_AUTORELEASING = YES;
				CLANG_WARN_BOOL_CONVERSION = YES;
				CLANG_WARN_COMMA = YES;
				CLANG_WARN_CONSTANT_CONVERSION = YES;
				CLANG_WARN_DEPRECATED_OBJC_IMPLEMENTATIONS = YES;
				CLANG_WARN_DIRECT_OBJC_ISA_USAGE = YES_ERROR;
				CLANG_WARN_DOCUMENTATION_COMMENTS = YES;
				CLANG_WARN_EMPTY_BODY = YES;
				CLANG_WARN_ENUM_CONVERSION = YES;
				CLANG_WARN_INFINITE_RECURSION = YES;
				CLANG_WARN_INT_CONVERSION = YES;
				CLANG_WARN_NON_LITERAL_NULL_CONVERSION = YES;
				CLANG_WARN_OBJC_IMPLICIT_RETAIN_SELF = YES;
				CLANG_WARN_OBJC_LITERAL_CONVERSION = YES;
				CLANG_WARN_OBJC_ROOT_CLASS = YES_ERROR;
				CLANG_WARN_QUOTED_INCLUDE_IN_FRAMEWORK_HEADER = YES;
				CLANG_WARN_RANGE_LOOP_ANALYSIS = YES;
				CLANG_WARN_STRICT_PROTOTYPES = YES;
				CLANG_WARN_SUSPICIOUS_MOVE = YES;
				CLANG_WARN_UNGUARDED_AVAILABILITY = YES_AGGRESSIVE;
				CLANG_WARN_UNREACHABLE_CODE = YES;
				CLANG_WARN__DUPLICATE_METHOD_MATCH = YES;
				COPY_PHASE_STRIP = NO;
				DEBUG_INFORMATION_FORMAT = dwarf;
				ENABLE_STRICT_OBJC_MSGSEND = YES;
				ENABLE_TESTABILITY = YES;
				GCC_C_LANGUAGE_STANDARD = gnu11;
				GCC_DYNAMIC_NO_PIC = NO;
				GCC_NO_COMMON_BLOCKS = YES;
				GCC_OPTIMIZATION_LEVEL = 0;
				GCC_PREPROCESSOR_DEFINITIONS = (
					"DEBUG=1",
					"$(inherited)",
				);
				GCC_WARN_64_TO_32_BIT_CONVERSION = YES;
				GCC_WARN_ABOUT_RETURN_TYPE = YES_ERROR;
				GCC_WARN_UNDECLARED_SELECTOR = YES;
				GCC_WARN_UNINITIALIZED_AUTOS = YES_AGGRESSIVE;
				GCC_WARN_UNUSED_FUNCTION = YES;
				GCC_WARN_UNUSED_VARIABLE = YES;
				IPHONEOS_DEPLOYMENT_TARGET = 16.2;
				MTL_ENABLE_DEBUG_INFO = INCLUDE_SOURCE;
				MTL_FAST_MATH = YES;
				ONLY_ACTIVE_ARCH = YES;
				SDKROOT = iphoneos;
				SWIFT_ACTIVE_COMPILATION_CONDITIONS = DEBUG;
				SWIFT_OPTIMIZATION_LEVEL = "-Onone";
			};
			name = Debug;
		};
		476416FD2A85174C00A53CF7 /* Release */ = {
			isa = XCBuildConfiguration;
			buildSettings = {
				ALWAYS_SEARCH_USER_PATHS = NO;
				CLANG_ANALYZER_NONNULL = YES;
				CLANG_ANALYZER_NUMBER_OBJECT_CONVERSION = YES_AGGRESSIVE;
				CLANG_CXX_LANGUAGE_STANDARD = "gnu++20";
				CLANG_ENABLE_MODULES = YES;
				CLANG_ENABLE_OBJC_ARC = YES;
				CLANG_ENABLE_OBJC_WEAK = YES;
				CLANG_WARN_BLOCK_CAPTURE_AUTORELEASING = YES;
				CLANG_WARN_BOOL_CONVERSION = YES;
				CLANG_WARN_COMMA = YES;
				CLANG_WARN_CONSTANT_CONVERSION = YES;
				CLANG_WARN_DEPRECATED_OBJC_IMPLEMENTATIONS = YES;
				CLANG_WARN_DIRECT_OBJC_ISA_USAGE = YES_ERROR;
				CLANG_WARN_DOCUMENTATION_COMMENTS = YES;
				CLANG_WARN_EMPTY_BODY = YES;
				CLANG_WARN_ENUM_CONVERSION = YES;
				CLANG_WARN_INFINITE_RECURSION = YES;
				CLANG_WARN_INT_CONVERSION = YES;
				CLANG_WARN_NON_LITERAL_NULL_CONVERSION = YES;
				CLANG_WARN_OBJC_IMPLICIT_RETAIN_SELF = YES;
				CLANG_WARN_OBJC_LITERAL_CONVERSION = YES;
				CLANG_WARN_OBJC_ROOT_CLASS = YES_ERROR;
				CLANG_WARN_QUOTED_INCLUDE_IN_FRAMEWORK_HEADER = YES;
				CLANG_WARN_RANGE_LOOP_ANALYSIS = YES;
				CLANG_WARN_STRICT_PROTOTYPES = YES;
				CLANG_WARN_SUSPICIOUS_MOVE = YES;
				CLANG_WARN_UNGUARDED_AVAILABILITY = YES_AGGRESSIVE;
				CLANG_WARN_UNREACHABLE_CODE = YES;
				CLANG_WARN__DUPLICATE_METHOD_MATCH = YES;
				COPY_PHASE_STRIP = NO;
				DEBUG_INFORMATION_FORMAT = "dwarf-with-dsym";
				ENABLE_NS_ASSERTIONS = NO;
				ENABLE_STRICT_OBJC_MSGSEND = YES;
				GCC_C_LANGUAGE_STANDARD = gnu11;
				GCC_NO_COMMON_BLOCKS = YES;
				GCC_WARN_64_TO_32_BIT_CONVERSION = YES;
				GCC_WARN_ABOUT_RETURN_TYPE = YES_ERROR;
				GCC_WARN_UNDECLARED_SELECTOR = YES;
				GCC_WARN_UNINITIALIZED_AUTOS = YES_AGGRESSIVE;
				GCC_WARN_UNUSED_FUNCTION = YES;
				GCC_WARN_UNUSED_VARIABLE = YES;
				IPHONEOS_DEPLOYMENT_TARGET = 16.2;
				MTL_ENABLE_DEBUG_INFO = NO;
				MTL_FAST_MATH = YES;
				SDKROOT = iphoneos;
				SWIFT_COMPILATION_MODE = wholemodule;
				SWIFT_OPTIMIZATION_LEVEL = "-O";
				VALIDATE_PRODUCT = YES;
			};
			name = Release;
		};
		476416FF2A85174C00A53CF7 /* Debug */ = {
			isa = XCBuildConfiguration;
			baseConfigurationReference = 9AF7B32152EBC1A6EB797945 /* Pods-TaskProject.debug.xcconfig */;
			buildSettings = {
				ASSETCATALOG_COMPILER_APPICON_NAME = AppIcon;
				ASSETCATALOG_COMPILER_GLOBAL_ACCENT_COLOR_NAME = AccentColor;
				CODE_SIGN_STYLE = Automatic;
				CURRENT_PROJECT_VERSION = 1;
				DEVELOPMENT_TEAM = UT662NQ8N4;
				GENERATE_INFOPLIST_FILE = YES;
				INFOPLIST_FILE = TaskProject/Info.plist;
				INFOPLIST_KEY_UIApplicationSupportsIndirectInputEvents = YES;
				INFOPLIST_KEY_UILaunchStoryboardName = LaunchScreen;
				INFOPLIST_KEY_UIMainStoryboardFile = Main;
				INFOPLIST_KEY_UISupportedInterfaceOrientations_iPad = "UIInterfaceOrientationPortrait UIInterfaceOrientationPortraitUpsideDown UIInterfaceOrientationLandscapeLeft UIInterfaceOrientationLandscapeRight";
				INFOPLIST_KEY_UISupportedInterfaceOrientations_iPhone = "UIInterfaceOrientationPortrait UIInterfaceOrientationLandscapeLeft UIInterfaceOrientationLandscapeRight";
				LD_RUNPATH_SEARCH_PATHS = (
					"$(inherited)",
					"@executable_path/Frameworks",
				);
				MARKETING_VERSION = 1.0;
				PRODUCT_BUNDLE_IDENTIFIER = rkn.TaskProject;
				PRODUCT_NAME = "$(TARGET_NAME)";
				SWIFT_EMIT_LOC_STRINGS = YES;
				SWIFT_VERSION = 5.0;
				TARGETED_DEVICE_FAMILY = "1,2";
			};
			name = Debug;
		};
		476417002A85174C00A53CF7 /* Release */ = {
			isa = XCBuildConfiguration;
			baseConfigurationReference = 004C17B6CACFA678B435BDA7 /* Pods-TaskProject.release.xcconfig */;
			buildSettings = {
				ASSETCATALOG_COMPILER_APPICON_NAME = AppIcon;
				ASSETCATALOG_COMPILER_GLOBAL_ACCENT_COLOR_NAME = AccentColor;
				CODE_SIGN_STYLE = Automatic;
				CURRENT_PROJECT_VERSION = 1;
				DEVELOPMENT_TEAM = UT662NQ8N4;
				GENERATE_INFOPLIST_FILE = YES;
				INFOPLIST_FILE = TaskProject/Info.plist;
				INFOPLIST_KEY_UIApplicationSupportsIndirectInputEvents = YES;
				INFOPLIST_KEY_UILaunchStoryboardName = LaunchScreen;
				INFOPLIST_KEY_UIMainStoryboardFile = Main;
				INFOPLIST_KEY_UISupportedInterfaceOrientations_iPad = "UIInterfaceOrientationPortrait UIInterfaceOrientationPortraitUpsideDown UIInterfaceOrientationLandscapeLeft UIInterfaceOrientationLandscapeRight";
				INFOPLIST_KEY_UISupportedInterfaceOrientations_iPhone = "UIInterfaceOrientationPortrait UIInterfaceOrientationLandscapeLeft UIInterfaceOrientationLandscapeRight";
				LD_RUNPATH_SEARCH_PATHS = (
					"$(inherited)",
					"@executable_path/Frameworks",
				);
				MARKETING_VERSION = 1.0;
				PRODUCT_BUNDLE_IDENTIFIER = rkn.TaskProject;
				PRODUCT_NAME = "$(TARGET_NAME)";
				SWIFT_EMIT_LOC_STRINGS = YES;
				SWIFT_VERSION = 5.0;
				TARGETED_DEVICE_FAMILY = "1,2";
			};
			name = Release;
		};
/* End XCBuildConfiguration section */

/* Begin XCConfigurationList section */
		476416E52A85174B00A53CF7 /* Build configuration list for PBXProject "TaskProject" */ = {
			isa = XCConfigurationList;
			buildConfigurations = (
				476416FC2A85174C00A53CF7 /* Debug */,
				476416FD2A85174C00A53CF7 /* Release */,
			);
			defaultConfigurationIsVisible = 0;
			defaultConfigurationName = Release;
		};
		476416FE2A85174C00A53CF7 /* Build configuration list for PBXNativeTarget "TaskProject" */ = {
			isa = XCConfigurationList;
			buildConfigurations = (
				476416FF2A85174C00A53CF7 /* Debug */,
				476417002A85174C00A53CF7 /* Release */,
			);
			defaultConfigurationIsVisible = 0;
			defaultConfigurationName = Release;
		};
/* End XCConfigurationList section */
	};
	rootObject = 476416E22A85174B00A53CF7 /* Project object */;
}
